// !$*UTF8*$!
{
	archiveVersion = 1;
	classes = {
	};
	objectVersion = 46;
	objects = {

/* Begin PBXBuildFile section */
		CA44F2E41A6B14440033EF90 /* main.m in Sources */ = {isa = PBXBuildFile; fileRef = CA44F2E31A6B14440033EF90 /* main.m */; };
		CA44F2E71A6B14440033EF90 /* AppDelegate.m in Sources */ = {isa = PBXBuildFile; fileRef = CA44F2E61A6B14440033EF90 /* AppDelegate.m */; };
		CA44F2EA1A6B14440033EF90 /* ViewController.m in Sources */ = {isa = PBXBuildFile; fileRef = CA44F2E91A6B14440033EF90 /* ViewController.m */; };
		CA44F2ED1A6B14440033EF90 /* Main.storyboard in Resources */ = {isa = PBXBuildFile; fileRef = CA44F2EB1A6B14440033EF90 /* Main.storyboard */; };
		CA44F2EF1A6B14440033EF90 /* Images.xcassets in Resources */ = {isa = PBXBuildFile; fileRef = CA44F2EE1A6B14440033EF90 /* Images.xcassets */; };
		CA44F2F21A6B14440033EF90 /* LaunchScreen.xib in Resources */ = {isa = PBXBuildFile; fileRef = CA44F2F01A6B14440033EF90 /* LaunchScreen.xib */; };
		CA44F2FE1A6B14440033EF90 /* FarminghamRiskTests.m in Sources */ = {isa = PBXBuildFile; fileRef = CA44F2FD1A6B14440033EF90 /* FarminghamRiskTests.m */; };
/* End PBXBuildFile section */

/* Begin PBXContainerItemProxy section */
		CA44F2F81A6B14440033EF90 /* PBXContainerItemProxy */ = {
			isa = PBXContainerItemProxy;
			containerPortal = CA44F2D61A6B14440033EF90 /* Project object */;
			proxyType = 1;
			remoteGlobalIDString = CA44F2DD1A6B14440033EF90;
			remoteInfo = FarminghamRisk;
		};
/* End PBXContainerItemProxy section */

/* Begin PBXFileReference section */
		CA44F2DE1A6B14440033EF90 /* FarminghamRisk.app */ = {isa = PBXFileReference; explicitFileType = wrapper.application; includeInIndex = 0; path = FarminghamRisk.app; sourceTree = BUILT_PRODUCTS_DIR; };
		CA44F2E21A6B14440033EF90 /* Info.plist */ = {isa = PBXFileReference; lastKnownFileType = text.plist.xml; path = Info.plist; sourceTree = "<group>"; };
		CA44F2E31A6B14440033EF90 /* main.m */ = {isa = PBXFileReference; lastKnownFileType = sourcecode.c.objc; path = main.m; sourceTree = "<group>"; };
		CA44F2E51A6B14440033EF90 /* AppDelegate.h */ = {isa = PBXFileReference; lastKnownFileType = sourcecode.c.h; path = AppDelegate.h; sourceTree = "<group>"; };
		CA44F2E61A6B14440033EF90 /* AppDelegate.m */ = {isa = PBXFileReference; lastKnownFileType = sourcecode.c.objc; path = AppDelegate.m; sourceTree = "<group>"; };
		CA44F2E81A6B14440033EF90 /* ViewController.h */ = {isa = PBXFileReference; lastKnownFileType = sourcecode.c.h; path = ViewController.h; sourceTree = "<group>"; };
		CA44F2E91A6B14440033EF90 /* ViewController.m */ = {isa = PBXFileReference; lastKnownFileType = sourcecode.c.objc; path = ViewController.m; sourceTree = "<group>"; };
		CA44F2EC1A6B14440033EF90 /* Base */ = {isa = PBXFileReference; lastKnownFileType = file.storyboard; name = Base; path = Base.lproj/Main.storyboard; sourceTree = "<group>"; };
		CA44F2EE1A6B14440033EF90 /* Images.xcassets */ = {isa = PBXFileReference; lastKnownFileType = folder.assetcatalog; path = Images.xcassets; sourceTree = "<group>"; };
		CA44F2F11A6B14440033EF90 /* Base */ = {isa = PBXFileReference; lastKnownFileType = file.xib; name = Base; path = Base.lproj/LaunchScreen.xib; sourceTree = "<group>"; };
		CA44F2F71A6B14440033EF90 /* FarminghamRiskTests.xctest */ = {isa = PBXFileReference; explicitFileType = wrapper.cfbundle; includeInIndex = 0; path = FarminghamRiskTests.xctest; sourceTree = BUILT_PRODUCTS_DIR; };
		CA44F2FC1A6B14440033EF90 /* Info.plist */ = {isa = PBXFileReference; lastKnownFileType = text.plist.xml; path = Info.plist; sourceTree = "<group>"; };
		CA44F2FD1A6B14440033EF90 /* FarminghamRiskTests.m */ = {isa = PBXFileReference; lastKnownFileType = sourcecode.c.objc; path = FarminghamRiskTests.m; sourceTree = "<group>"; };
/* End PBXFileReference section */

/* Begin PBXFrameworksBuildPhase section */
		CA44F2DB1A6B14440033EF90 /* Frameworks */ = {
			isa = PBXFrameworksBuildPhase;
			buildActionMask = 2147483647;
			files = (
			);
			runOnlyForDeploymentPostprocessing = 0;
		};
		CA44F2F41A6B14440033EF90 /* Frameworks */ = {
			isa = PBXFrameworksBuildPhase;
			buildActionMask = 2147483647;
			files = (
			);
			runOnlyForDeploymentPostprocessing = 0;
		};
/* End PBXFrameworksBuildPhase section */

/* Begin PBXGroup section */
		CA44F2D51A6B14440033EF90 = {
			isa = PBXGroup;
			children = (
				CA44F2E01A6B14440033EF90 /* FarminghamRisk */,
				CA44F2FA1A6B14440033EF90 /* FarminghamRiskTests */,
				CA44F2DF1A6B14440033EF90 /* Products */,
			);
			sourceTree = "<group>";
		};
		CA44F2DF1A6B14440033EF90 /* Products */ = {
			isa = PBXGroup;
			children = (
				CA44F2DE1A6B14440033EF90 /* FarminghamRisk.app */,
				CA44F2F71A6B14440033EF90 /* FarminghamRiskTests.xctest */,
			);
			name = Products;
			sourceTree = "<group>";
		};
		CA44F2E01A6B14440033EF90 /* FarminghamRisk */ = {
			isa = PBXGroup;
			children = (
				CA44F2E51A6B14440033EF90 /* AppDelegate.h */,
				CA44F2E61A6B14440033EF90 /* AppDelegate.m */,
				CA44F2E81A6B14440033EF90 /* ViewController.h */,
				CA44F2E91A6B14440033EF90 /* ViewController.m */,
				CA44F2EB1A6B14440033EF90 /* Main.storyboard */,
				CA44F2EE1A6B14440033EF90 /* Images.xcassets */,
				CA44F2F01A6B14440033EF90 /* LaunchScreen.xib */,
				CA44F2E11A6B14440033EF90 /* Supporting Files */,
			);
			path = FarminghamRisk;
			sourceTree = "<group>";
		};
		CA44F2E11A6B14440033EF90 /* Supporting Files */ = {
			isa = PBXGroup;
			children = (
				CA44F2E21A6B14440033EF90 /* Info.plist */,
				CA44F2E31A6B14440033EF90 /* main.m */,
			);
			name = "Supporting Files";
			sourceTree = "<group>";
		};
		CA44F2FA1A6B14440033EF90 /* FarminghamRiskTests */ = {
			isa = PBXGroup;
			children = (
				CA44F2FD1A6B14440033EF90 /* FarminghamRiskTests.m */,
				CA44F2FB1A6B14440033EF90 /* Supporting Files */,
			);
			path = FarminghamRiskTests;
			sourceTree = "<group>";
		};
		CA44F2FB1A6B14440033EF90 /* Supporting Files */ = {
			isa = PBXGroup;
			children = (
				CA44F2FC1A6B14440033EF90 /* Info.plist */,
			);
			name = "Supporting Files";
			sourceTree = "<group>";
		};
/* End PBXGroup section */

/* Begin PBXNativeTarget section */
		CA44F2DD1A6B14440033EF90 /* FarminghamRisk */ = {
			isa = PBXNativeTarget;
			buildConfigurationList = CA44F3011A6B14440033EF90 /* Build configuration list for PBXNativeTarget "FarminghamRisk" */;
			buildPhases = (
				CA44F2DA1A6B14440033EF90 /* Sources */,
				CA44F2DB1A6B14440033EF90 /* Frameworks */,
				CA44F2DC1A6B14440033EF90 /* Resources */,
			);
			buildRules = (
			);
			dependencies = (
			);
			name = FarminghamRisk;
			productName = FarminghamRisk;
			productReference = CA44F2DE1A6B14440033EF90 /* FarminghamRisk.app */;
			productType = "com.apple.product-type.application";
		};
		CA44F2F61A6B14440033EF90 /* FarminghamRiskTests */ = {
			isa = PBXNativeTarget;
			buildConfigurationList = CA44F3041A6B14440033EF90 /* Build configuration list for PBXNativeTarget "FarminghamRiskTests" */;
			buildPhases = (
				CA44F2F31A6B14440033EF90 /* Sources */,
				CA44F2F41A6B14440033EF90 /* Frameworks */,
				CA44F2F51A6B14440033EF90 /* Resources */,
			);
			buildRules = (
			);
			dependencies = (
				CA44F2F91A6B14440033EF90 /* PBXTargetDependency */,
			);
			name = FarminghamRiskTests;
			productName = FarminghamRiskTests;
			productReference = CA44F2F71A6B14440033EF90 /* FarminghamRiskTests.xctest */;
			productType = "com.apple.product-type.bundle.unit-test";
		};
/* End PBXNativeTarget section */

/* Begin PBXProject section */
		CA44F2D61A6B14440033EF90 /* Project object */ = {
			isa = PBXProject;
			attributes = {
				LastUpgradeCheck = 0610;
				ORGANIZATIONNAME = "Amogh Param";
				TargetAttributes = {
					CA44F2DD1A6B14440033EF90 = {
						CreatedOnToolsVersion = 6.1;
					};
					CA44F2F61A6B14440033EF90 = {
						CreatedOnToolsVersion = 6.1;
						TestTargetID = CA44F2DD1A6B14440033EF90;
					};
				};
			};
			buildConfigurationList = CA44F2D91A6B14440033EF90 /* Build configuration list for PBXProject "FarminghamRisk" */;
			compatibilityVersion = "Xcode 3.2";
			developmentRegion = English;
			hasScannedForEncodings = 0;
			knownRegions = (
				en,
				Base,
			);
			mainGroup = CA44F2D51A6B14440033EF90;
			productRefGroup = CA44F2DF1A6B14440033EF90 /* Products */;
			projectDirPath = "";
			projectRoot = "";
			targets = (
				CA44F2DD1A6B14440033EF90 /* FarminghamRisk */,
				CA44F2F61A6B14440033EF90 /* FarminghamRiskTests */,
			);
		};
/* End PBXProject section */

/* Begin PBXResourcesBuildPhase section */
		CA44F2DC1A6B14440033EF90 /* Resources */ = {
			isa = PBXResourcesBuildPhase;
			buildActionMask = 2147483647;
			files = (
				CA44F2ED1A6B14440033EF90 /* Main.storyboard in Resources */,
				CA44F2F21A6B14440033EF90 /* LaunchScreen.xib in Resources */,
				CA44F2EF1A6B14440033EF90 /* Images.xcassets in Resources */,
			);
			runOnlyForDeploymentPostprocessing = 0;
		};
		CA44F2F51A6B14440033EF90 /* Resources */ = {
			isa = PBXResourcesBuildPhase;
			buildActionMask = 2147483647;
			files = (
			);
			runOnlyForDeploymentPostprocessing = 0;
		};
/* End PBXResourcesBuildPhase section */

/* Begin PBXSourcesBuildPhase section */
		CA44F2DA1A6B14440033EF90 /* Sources */ = {
			isa = PBXSourcesBuildPhase;
			buildActionMask = 2147483647;
			files = (
				CA44F2EA1A6B14440033EF90 /* ViewController.m in Sources */,
				CA44F2E71A6B14440033EF90 /* AppDelegate.m in Sources */,
				CA44F2E41A6B14440033EF90 /* main.m in Sources */,
			);
			runOnlyForDeploymentPostprocessing = 0;
		};
		CA44F2F31A6B14440033EF90 /* Sources */ = {
			isa = PBXSourcesBuildPhase;
			buildActionMask = 2147483647;
			files = (
				CA44F2FE1A6B14440033EF90 /* FarminghamRiskTests.m in Sources */,
			);
			runOnlyForDeploymentPostprocessing = 0;
		};
/* End PBXSourcesBuildPhase section */

/* Begin PBXTargetDependency section */
		CA44F2F91A6B14440033EF90 /* PBXTargetDependency */ = {
			isa = PBXTargetDependency;
			target = CA44F2DD1A6B14440033EF90 /* FarminghamRisk */;
			targetProxy = CA44F2F81A6B14440033EF90 /* PBXContainerItemProxy */;
		};
/* End PBXTargetDependency section */

/* Begin PBXVariantGroup section */
		CA44F2EB1A6B14440033EF90 /* Main.storyboard */ = {
			isa = PBXVariantGroup;
			children = (
				CA44F2EC1A6B14440033EF90 /* Base */,
			);
			name = Main.storyboard;
			sourceTree = "<group>";
		};
		CA44F2F01A6B14440033EF90 /* LaunchScreen.xib */ = {
			isa = PBXVariantGroup;
			children = (
				CA44F2F11A6B14440033EF90 /* Base */,
			);
			name = LaunchScreen.xib;
			sourceTree = "<group>";
		};
/* End PBXVariantGroup section */

/* Begin XCBuildConfiguration section */
		CA44F2FF1A6B14440033EF90 /* Debug */ = {
			isa = XCBuildConfiguration;
			buildSettings = {
				ALWAYS_SEARCH_USER_PATHS = NO;
				CLANG_CXX_LANGUAGE_STANDARD = "gnu++0x";
				CLANG_CXX_LIBRARY = "libc++";
				CLANG_ENABLE_MODULES = YES;
				CLANG_ENABLE_OBJC_ARC = YES;
				CLANG_WARN_BOOL_CONVERSION = YES;
				CLANG_WARN_CONSTANT_CONVERSION = YES;
				CLANG_WARN_DIRECT_OBJC_ISA_USAGE = YES_ERROR;
				CLANG_WARN_EMPTY_BODY = YES;
				CLANG_WARN_ENUM_CONVERSION = YES;
				CLANG_WARN_INT_CONVERSION = YES;
				CLANG_WARN_OBJC_ROOT_CLASS = YES_ERROR;
				CLANG_WARN_UNREACHABLE_CODE = YES;
				CLANG_WARN__DUPLICATE_METHOD_MATCH = YES;
				"CODE_SIGN_IDENTITY[sdk=iphoneos*]" = "iPhone Developer";
				COPY_PHASE_STRIP = NO;
				ENABLE_STRICT_OBJC_MSGSEND = YES;
				GCC_C_LANGUAGE_STANDARD = gnu99;
				GCC_DYNAMIC_NO_PIC = NO;
				GCC_OPTIMIZATION_LEVEL = 0;
				GCC_PREPROCESSOR_DEFINITIONS = (
					"DEBUG=1",
					"$(inherited)",
				);
				GCC_SYMBOLS_PRIVATE_EXTERN = NO;
				GCC_WARN_64_TO_32_BIT_CONVERSION = YES;
				GCC_WARN_ABOUT_RETURN_TYPE = YES_ERROR;
				GCC_WARN_UNDECLARED_SELECTOR = YES;
				GCC_WARN_UNINITIALIZED_AUTOS = YES_AGGRESSIVE;
				GCC_WARN_UNUSED_FUNCTION = YES;
				GCC_WARN_UNUSED_VARIABLE = YES;
				IPHONEOS_DEPLOYMENT_TARGET = 8.1;
				MTL_ENABLE_DEBUG_INFO = YES;
				ONLY_ACTIVE_ARCH = YES;
				SDKROOT = iphoneos;
				TARGETED_DEVICE_FAMILY = "1,2";
			};
			name = Debug;
		};
		CA44F3001A6B14440033EF90 /* Release */ = {
			isa = XCBuildConfiguration;
			buildSettings = {
				ALWAYS_SEARCH_USER_PATHS = NO;
				CLANG_CXX_LANGUAGE_STANDARD = "gnu++0x";
				CLANG_CXX_LIBRARY = "libc++";
				CLANG_ENABLE_MODULES = YES;
				CLANG_ENABLE_OBJC_ARC = YES;
				CLANG_WARN_BOOL_CONVERSION = YES;
				CLANG_WARN_CONSTANT_CONVERSION = YES;
				CLANG_WARN_DIRECT_OBJC_ISA_USAGE = YES_ERROR;
				CLANG_WARN_EMPTY_BODY = YES;
				CLANG_WARN_ENUM_CONVERSION = YES;
				CLANG_WARN_INT_CONVERSION = YES;
				CLANG_WARN_OBJC_ROOT_CLASS = YES_ERROR;
				CLANG_WARN_UNREACHABLE_CODE = YES;
				CLANG_WARN__DUPLICATE_METHOD_MATCH = YES;
				"CODE_SIGN_IDENTITY[sdk=iphoneos*]" = "iPhone Developer";
				COPY_PHASE_STRIP = YES;
				ENABLE_NS_ASSERTIONS = NO;
				ENABLE_STRICT_OBJC_MSGSEND = YES;
				GCC_C_LANGUAGE_STANDARD = gnu99;
				GCC_WARN_64_TO_32_BIT_CONVERSION = YES;
				GCC_WARN_ABOUT_RETURN_TYPE = YES_ERROR;
				GCC_WARN_UNDECLARED_SELECTOR = YES;
				GCC_WARN_UNINITIALIZED_AUTOS = YES_AGGRESSIVE;
				GCC_WARN_UNUSED_FUNCTION = YES;
				GCC_WARN_UNUSED_VARIABLE = YES;
				IPHONEOS_DEPLOYMENT_TARGET = 8.1;
				MTL_ENABLE_DEBUG_INFO = NO;
				SDKROOT = iphoneos;
				TARGETED_DEVICE_FAMILY = "1,2";
				VALIDATE_PRODUCT = YES;
			};
			name = Release;
		};
		CA44F3021A6B14440033EF90 /* Debug */ = {
			isa = XCBuildConfiguration;
			buildSettings = {
				ASSETCATALOG_COMPILER_APPICON_NAME = AppIcon;
				INFOPLIST_FILE = FarminghamRisk/Info.plist;
				LD_RUNPATH_SEARCH_PATHS = "$(inherited) @executable_path/Frameworks";
				PRODUCT_NAME = "$(TARGET_NAME)";
			};
			name = Debug;
		};
		CA44F3031A6B14440033EF90 /* Release */ = {
			isa = XCBuildConfiguration;
			buildSettings = {
				ASSETCATALOG_COMPILER_APPICON_NAME = AppIcon;
				INFOPLIST_FILE = FarminghamRisk/Info.plist;
				LD_RUNPATH_SEARCH_PATHS = "$(inherited) @executable_path/Frameworks";
				PRODUCT_NAME = "$(TARGET_NAME)";
			};
			name = Release;
		};
		CA44F3051A6B14440033EF90 /* Debug */ = {
			isa = XCBuildConfiguration;
			buildSettings = {
				BUNDLE_LOADER = "$(TEST_HOST)";
				FRAMEWORK_SEARCH_PATHS = (
					"$(SDKROOT)/Developer/Library/Frameworks",
					"$(inherited)",
				);
				GCC_PREPROCESSOR_DEFINITIONS = (
					"DEBUG=1",
					"$(inherited)",
				);
				INFOPLIST_FILE = FarminghamRiskTests/Info.plist;
				LD_RUNPATH_SEARCH_PATHS = "$(inherited) @executable_path/Frameworks @loader_path/Frameworks";
				PRODUCT_NAME = "$(TARGET_NAME)";
				TEST_HOST = "$(BUILT_PRODUCTS_DIR)/FarminghamRisk.app/FarminghamRisk";
			};
			name = Debug;
		};
		CA44F3061A6B14440033EF90 /* Release */ = {
			isa = XCBuildConfiguration;
			buildSettings = {
				BUNDLE_LOADER = "$(TEST_HOST)";
				FRAMEWORK_SEARCH_PATHS = (
					"$(SDKROOT)/Developer/Library/Frameworks",
					"$(inherited)",
				);
				INFOPLIST_FILE = FarminghamRiskTests/Info.plist;
				LD_RUNPATH_SEARCH_PATHS = "$(inherited) @executable_path/Frameworks @loader_path/Frameworks";
				PRODUCT_NAME = "$(TARGET_NAME)";
				TEST_HOST = "$(BUILT_PRODUCTS_DIR)/FarminghamRisk.app/FarminghamRisk";
			};
			name = Release;
		};
/* End XCBuildConfiguration section */

/* Begin XCConfigurationList section */
		CA44F2D91A6B14440033EF90 /* Build configuration list for PBXProject "FarminghamRisk" */ = {
			isa = XCConfigurationList;
			buildConfigurations = (
				CA44F2FF1A6B14440033EF90 /* Debug */,
				CA44F3001A6B14440033EF90 /* Release */,
			);
			defaultConfigurationIsVisible = 0;
			defaultConfigurationName = Release;
		};
		CA44F3011A6B14440033EF90 /* Build configuration list for PBXNativeTarget "FarminghamRisk" */ = {
			isa = XCConfigurationList;
			buildConfigurations = (
				CA44F3021A6B14440033EF90 /* Debug */,
				CA44F3031A6B14440033EF90 /* Release */,
			);
			defaultConfigurationIsVisible = 0;
		};
		CA44F3041A6B14440033EF90 /* Build configuration list for PBXNativeTarget "FarminghamRiskTests" */ = {
			isa = XCConfigurationList;
			buildConfigurations = (
				CA44F3051A6B14440033EF90 /* Debug */,
				CA44F3061A6B14440033EF90 /* Release */,
			);
			defaultConfigurationIsVisible = 0;
		};
/* End XCConfigurationList section */
	};
	rootObject = CA44F2D61A6B14440033EF90 /* Project object */;
}
